
Microsoft Visual Studio Solution File, Format Version 12.00
# Visual Studio 2013
VisualStudioVersion = 12.0.30723.0
MinimumVisualStudioVersion = 10.0.40219.1
Project("{8BC9CEB8-8B4A-11D0-8D11-00A0C91BC942}") = "B1022", "B1022\B1022.vcxproj", "{738842E5-59B8-4205-9BA4-A452C0A23F09}"
EndProject
Global
	GlobalSection(SolutionConfigurationPlatforms) = preSolution
		Debug|Win32 = Debug|Win32
		Release|Win32 = Release|Win32
	EndGlobalSection
	GlobalSection(ProjectConfigurationPlatforms) = postSolution
		{738842E5-59B8-4205-9BA4-A452C0A23F09}.Debug|Win32.ActiveCfg = Debug|Win32
		{738842E5-59B8-4205-9BA4-A452C0A23F09}.Debug|Win32.Build.0 = Debug|Win32
		{738842E5-59B8-4205-9BA4-A452C0A23F09}.Release|Win32.ActiveCfg = Release|Win32
		{738842E5-59B8-4205-9BA4-A452C0A23F09}.Release|Win32.Build.0 = Release|Win32
	EndGlobalSection
	GlobalSection(SolutionProperties) = preSolution
		HideSolutionNode = FALSE
	EndGlobalSection
EndGlobal
